{
  "name": "project-euler-solutions",
  "version": "1.0.0",
  "lockfileVersion": 1,
  "requires": true,
  "dependencies": {
    "home-on-the-range": {
      "version": "1.1.2",
      "resolved": "https://registry.npmjs.org/home-on-the-range/-/home-on-the-range-1.1.2.tgz",
      "integrity": "sha512-kYsSnf7BrpT6XZvhFT14boEKfKWDR7YX6B8X9vgWroVDCrgbUXpWOZxfBIO1IthvyZxfTP7lWoESDFLxdQaQvA=="
    }
  }
}
