{
  "name": "project-euler-solutions",
  "version": "1.0.0",
  "lockfileVersion": 1,
  "requires": true,
  "dependencies": {
    "home-on-the-range": {
      "version": "1.1.4",
      "resolved": "https://registry.npmjs.org/home-on-the-range/-/home-on-the-range-1.1.4.tgz",
      "integrity": "sha512-zatIuiNHqisvEzYqbg0UMV6ett0kmPVncfFVT0d3w5z3uGSJomHgWOFvy6SGeYoV0hZAe+q4i7wftUvzrLJO4w=="
    },
    "string-of-pearls": {
      "version": "1.1.3",
      "resolved": "https://registry.npmjs.org/string-of-pearls/-/string-of-pearls-1.1.3.tgz",
      "integrity": "sha512-0FTHNJvCc8SW/9QxEnHT9FmRtc7QeEBa5CBJfA9Aa8vPXD77bUJCDXc552I42+qLeuWYgsOrHiXZ1I8zCtxi2Q=="
    }
  }
}
